# This file is automatically @generated by Cargo.
# It is not intended for manual editing.
version = 4

[[package]]
name = "altsys"
version = "0.1.0"
dependencies = [
 "bootloader_api",
]

[[package]]
name = "bootloader_api"
version = "0.11.9"
source = "registry+https://github.com/rust-lang/crates.io-index"
checksum = "57a08a674787a3711ea0ba3bd730e6ffeb74832dcf6c51caf553528b33b54f73"
